%{"benchfella": {:hex, :benchfella, "0.3.3", "bbde48b5fe1ef556baa7ad933008e214e050e81ddb0916350715f5759fb35c0c", [:mix], []},
  "bunt": {:hex, :bunt, "0.2.0", "951c6e801e8b1d2cbe58ebbd3e616a869061ddadcc4863d0a2182541acae9a38", [:mix], []},
  "connection": {:hex, :connection, "1.0.4", "a1cae72211f0eef17705aaededacac3eb30e6625b04a6117c1b2db6ace7d5976", [:mix], []},
  "credo": {:hex, :credo, "0.6.0-rc2", "53e5936cc1e62ea19c657ed4e8dc1d166f57ed948e90e81f79161ab76207a6fe", [:mix], [{:bunt, "~> 0.2.0", [hex: :bunt, optional: false]}]},
  "dialyxir": {:hex, :dialyxir, "0.4.3", "a4daeebd0107de10d3bbae2ccb6b8905e69544db1ed5fe9148ad27cd4cb2c0cd", [:mix], []},
  "elixir_talk": {:hex, :elixir_talk, "1.1.1", "fc44976aaea9561dd936b927d15838cb9fda456ad3c84cea2682e73bb24949ac", [:mix], [{:yaml_elixir, "~> 1.0.0", [hex: :yaml_elixir, optional: false]}]},
  "yamerl": {:git, "https://github.com/yakaz/yamerl.git", "57c050ec7a3823ce699cbbab4929ce377d28074c", []},
  "yaml_elixir": {:hex, :yaml_elixir, "1.0.0", "a0b703148aa8926a08fc14619c83e9cdf7555ff7e8bb9e74c08aa716eaf8c609", [:mix], []}}
