%{"benchfella": {:hex, :benchfella, "0.3.4", "41d2c017b361ece5225b5ba2e3b30ae53578c57c6ebc434417b4f1c2c94cf4f3", [:mix], []},
  "bunt": {:hex, :bunt, "0.2.0", "951c6e801e8b1d2cbe58ebbd3e616a869061ddadcc4863d0a2182541acae9a38", [:mix], []},
  "credo": {:hex, :credo, "0.7.2", "850463f126c09227994967fdcf8b8ad7684ab220f7727c00bcafc0ac37bd3660", [:mix], [{:bunt, "~> 0.2.0", [hex: :bunt, optional: false]}]},
  "dialyxir": {:hex, :dialyxir, "0.5.0", "5bc543f9c28ecd51b99cc1a685a3c2a1a93216990347f259406a910cf048d1d7", [:mix], []},
  "earmark": {:hex, :earmark, "1.2.0", "bf1ce17aea43ab62f6943b97bd6e3dc032ce45d4f787504e3adf738e54b42f3a", [:mix], []},
  "elixir_talk": {:hex, :elixir_talk, "1.1.1", "fc44976aaea9561dd936b927d15838cb9fda456ad3c84cea2682e73bb24949ac", [:mix], [{:yaml_elixir, "~> 1.0.0", [hex: :yaml_elixir, optional: false]}]},
  "ex_doc": {:hex, :ex_doc, "0.15.0", "e73333785eef3488cf9144a6e847d3d647e67d02bd6fdac500687854dd5c599f", [:mix], [{:earmark, "~> 1.1", [hex: :earmark, optional: false]}]},
  "granderl": {:hex, :granderl, "0.1.5", "f20077a68bd80b8d8783bd15a052813c6483771dec1a5b837d307cbe92f14122", [:rebar3], []},
  "metal": {:hex, :metal, "0.1.0", "168e0ab553e3b8144547e353085cedaa43c8769e0b7e43c0146c99c2c33507ac", [:rebar3], []},
  "shackle": {:hex, :shackle, "0.5.0", "1c90e21a8181d4750bdebf203f6a7412659a4c04947591fbe71797b89bec9600", [:rebar3], [{:granderl, "0.1.5", [hex: :granderl, optional: false]}, {:metal, "0.1.0", [hex: :metal, optional: false]}]},
  "yaml_elixir": {:hex, :yaml_elixir, "1.0.0", "a0b703148aa8926a08fc14619c83e9cdf7555ff7e8bb9e74c08aa716eaf8c609", [:mix], []}}
